
Microsoft Visual Studio Solution File, Format Version 12.00
# Visual Studio 15
VisualStudioVersion = 15.0.28010.2046
MinimumVisualStudioVersion = 10.0.40219.1
Project("{F184B08F-C81C-45F6-A57F-5ABD9991F28F}") = "Active Conseil", "Active Conseil\Active Conseil.vbproj", "{7AB31255-361D-4A3D-B0C2-A0DC638E2DDD}"
EndProject
Global
	GlobalSection(SolutionConfigurationPlatforms) = preSolution
		Debug|Any CPU = Debug|Any CPU
		Release|Any CPU = Release|Any CPU
	EndGlobalSection
	GlobalSection(ProjectConfigurationPlatforms) = postSolution
		{7AB31255-361D-4A3D-B0C2-A0DC638E2DDD}.Debug|Any CPU.ActiveCfg = Debug|Any CPU
		{7AB31255-361D-4A3D-B0C2-A0DC638E2DDD}.Debug|Any CPU.Build.0 = Debug|Any CPU
		{7AB31255-361D-4A3D-B0C2-A0DC638E2DDD}.Release|Any CPU.ActiveCfg = Release|Any CPU
		{7AB31255-361D-4A3D-B0C2-A0DC638E2DDD}.Release|Any CPU.Build.0 = Release|Any CPU
	EndGlobalSection
	GlobalSection(SolutionProperties) = preSolution
		HideSolutionNode = FALSE
	EndGlobalSection
	GlobalSection(ExtensibilityGlobals) = postSolution
		SolutionGuid = {685C279C-44E5-40BA-825D-46EBD8C48800}
	EndGlobalSection
EndGlobal
